
Microsoft Visual Studio Solution File, Format Version 12.00
# Visual Studio Version 17
VisualStudioVersion = 17.2.32519.379
MinimumVisualStudioVersion = 10.0.40219.1
Project("{9A19103F-16F7-4668-BE54-9A1E7A4F7556}") = "Day1-1", "..\Day1-1\Day1-1.csproj", "{A2CDD515-DAC1-481D-B4D1-4CE7CF00611F}"
EndProject
Project("{9A19103F-16F7-4668-BE54-9A1E7A4F7556}") = "Day1-1.Test", "..\Day1-1.Test\Day1-1.Test.csproj", "{E5A82772-EC2E-4A6F-82F0-E7B4567F78DF}"
EndProject
Project("{9A19103F-16F7-4668-BE54-9A1E7A4F7556}") = "Day2", "..\Day2\Day2.csproj", "{33239229-8386-4B46-A2F8-4AEF4ADC6EB2}"
EndProject
Project("{9A19103F-16F7-4668-BE54-9A1E7A4F7556}") = "Day2.Test", "..\Day2.Test\Day2.Test.csproj", "{64267062-7AF1-453E-95B2-73DF03C7CE84}"
EndProject
Project("{9A19103F-16F7-4668-BE54-9A1E7A4F7556}") = "Lib", "..\Lib\Lib.csproj", "{0B153265-6734-4584-8443-6ECCA1997DEE}"
EndProject
Project("{FAE04EC0-301F-11D3-BF4B-00C04F79EFBC}") = "Day3", "Day3\Day3.csproj", "{982B2CD4-E405-4611-95C1-FE9E016C398C}"
EndProject
Project("{FAE04EC0-301F-11D3-BF4B-00C04F79EFBC}") = "Day3.Test", "Day3.Test\Day3.Test.csproj", "{5FFC8C07-C5E1-4044-9E8C-2B8829E4DF95}"
EndProject
Global
	GlobalSection(SolutionConfigurationPlatforms) = preSolution
		Debug|Any CPU = Debug|Any CPU
		Release|Any CPU = Release|Any CPU
	EndGlobalSection
	GlobalSection(ProjectConfigurationPlatforms) = postSolution
		{A2CDD515-DAC1-481D-B4D1-4CE7CF00611F}.Debug|Any CPU.ActiveCfg = Debug|Any CPU
		{A2CDD515-DAC1-481D-B4D1-4CE7CF00611F}.Debug|Any CPU.Build.0 = Debug|Any CPU
		{A2CDD515-DAC1-481D-B4D1-4CE7CF00611F}.Release|Any CPU.ActiveCfg = Release|Any CPU
		{A2CDD515-DAC1-481D-B4D1-4CE7CF00611F}.Release|Any CPU.Build.0 = Release|Any CPU
		{E5A82772-EC2E-4A6F-82F0-E7B4567F78DF}.Debug|Any CPU.ActiveCfg = Debug|Any CPU
		{E5A82772-EC2E-4A6F-82F0-E7B4567F78DF}.Debug|Any CPU.Build.0 = Debug|Any CPU
		{E5A82772-EC2E-4A6F-82F0-E7B4567F78DF}.Release|Any CPU.ActiveCfg = Release|Any CPU
		{E5A82772-EC2E-4A6F-82F0-E7B4567F78DF}.Release|Any CPU.Build.0 = Release|Any CPU
		{33239229-8386-4B46-A2F8-4AEF4ADC6EB2}.Debug|Any CPU.ActiveCfg = Debug|Any CPU
		{33239229-8386-4B46-A2F8-4AEF4ADC6EB2}.Debug|Any CPU.Build.0 = Debug|Any CPU
		{33239229-8386-4B46-A2F8-4AEF4ADC6EB2}.Release|Any CPU.ActiveCfg = Release|Any CPU
		{33239229-8386-4B46-A2F8-4AEF4ADC6EB2}.Release|Any CPU.Build.0 = Release|Any CPU
		{64267062-7AF1-453E-95B2-73DF03C7CE84}.Debug|Any CPU.ActiveCfg = Debug|Any CPU
		{64267062-7AF1-453E-95B2-73DF03C7CE84}.Debug|Any CPU.Build.0 = Debug|Any CPU
		{64267062-7AF1-453E-95B2-73DF03C7CE84}.Release|Any CPU.ActiveCfg = Release|Any CPU
		{64267062-7AF1-453E-95B2-73DF03C7CE84}.Release|Any CPU.Build.0 = Release|Any CPU
		{0B153265-6734-4584-8443-6ECCA1997DEE}.Debug|Any CPU.ActiveCfg = Debug|Any CPU
		{0B153265-6734-4584-8443-6ECCA1997DEE}.Debug|Any CPU.Build.0 = Debug|Any CPU
		{0B153265-6734-4584-8443-6ECCA1997DEE}.Release|Any CPU.ActiveCfg = Release|Any CPU
		{0B153265-6734-4584-8443-6ECCA1997DEE}.Release|Any CPU.Build.0 = Release|Any CPU
		{982B2CD4-E405-4611-95C1-FE9E016C398C}.Debug|Any CPU.ActiveCfg = Debug|Any CPU
		{982B2CD4-E405-4611-95C1-FE9E016C398C}.Debug|Any CPU.Build.0 = Debug|Any CPU
		{982B2CD4-E405-4611-95C1-FE9E016C398C}.Release|Any CPU.ActiveCfg = Release|Any CPU
		{982B2CD4-E405-4611-95C1-FE9E016C398C}.Release|Any CPU.Build.0 = Release|Any CPU
		{5FFC8C07-C5E1-4044-9E8C-2B8829E4DF95}.Debug|Any CPU.ActiveCfg = Debug|Any CPU
		{5FFC8C07-C5E1-4044-9E8C-2B8829E4DF95}.Debug|Any CPU.Build.0 = Debug|Any CPU
		{5FFC8C07-C5E1-4044-9E8C-2B8829E4DF95}.Release|Any CPU.ActiveCfg = Release|Any CPU
		{5FFC8C07-C5E1-4044-9E8C-2B8829E4DF95}.Release|Any CPU.Build.0 = Release|Any CPU
	EndGlobalSection
	GlobalSection(SolutionProperties) = preSolution
		HideSolutionNode = FALSE
	EndGlobalSection
	GlobalSection(ExtensibilityGlobals) = postSolution
		SolutionGuid = {EAD9B4E7-257E-4D77-B15B-8AA5015EDB53}
	EndGlobalSection
EndGlobal
