
Microsoft Visual Studio Solution File, Format Version 12.00
# Visual Studio Version 17
VisualStudioVersion = 17.2.32519.379
MinimumVisualStudioVersion = 10.0.40219.1
Project("{9A19103F-16F7-4668-BE54-9A1E7A4F7556}") = "Day3", "Day3\Day3.csproj", "{982B2CD4-E405-4611-95C1-FE9E016C398C}"
EndProject
Project("{9A19103F-16F7-4668-BE54-9A1E7A4F7556}") = "Day3.Test", "Day3.Test\Day3.Test.csproj", "{5FFC8C07-C5E1-4044-9E8C-2B8829E4DF95}"
EndProject
Project("{9A19103F-16F7-4668-BE54-9A1E7A4F7556}") = "Day1-1", "Day1-1\Day1-1.csproj", "{3230FEF6-3086-4846-9F87-B225FCEE38BF}"
EndProject
Project("{9A19103F-16F7-4668-BE54-9A1E7A4F7556}") = "Lib", "Lib\Lib.csproj", "{C7C75A40-CE0B-4581-B046-0109F93F5DC4}"
EndProject
Project("{9A19103F-16F7-4668-BE54-9A1E7A4F7556}") = "Day1-1.Test", "Day1-1.Test\Day1-1.Test.csproj", "{5A0062D4-56BE-4661-873C-11026E610B97}"
EndProject
Project("{9A19103F-16F7-4668-BE54-9A1E7A4F7556}") = "Day2", "Day2\Day2.csproj", "{242B9494-0A0D-413B-A3F3-3095C8D1CA15}"
EndProject
Project("{9A19103F-16F7-4668-BE54-9A1E7A4F7556}") = "Day2.Test", "Day2.Test\Day2.Test.csproj", "{1512F800-CB7B-4BA5-98CC-C4E3A5067167}"
EndProject
Project("{FAE04EC0-301F-11D3-BF4B-00C04F79EFBC}") = "Day4.Test", "Day4.Test\Day4.Test.csproj", "{5FC87D5D-6314-40F8-B061-1D6B8427B2FB}"
EndProject
Project("{FAE04EC0-301F-11D3-BF4B-00C04F79EFBC}") = "Day4", "Day4\Day4.csproj", "{CB28D4DB-E7B8-44F8-85DE-1FC930503697}"
EndProject
Global
	GlobalSection(SolutionConfigurationPlatforms) = preSolution
		Debug|Any CPU = Debug|Any CPU
		Release|Any CPU = Release|Any CPU
	EndGlobalSection
	GlobalSection(ProjectConfigurationPlatforms) = postSolution
		{982B2CD4-E405-4611-95C1-FE9E016C398C}.Debug|Any CPU.ActiveCfg = Debug|Any CPU
		{982B2CD4-E405-4611-95C1-FE9E016C398C}.Debug|Any CPU.Build.0 = Debug|Any CPU
		{982B2CD4-E405-4611-95C1-FE9E016C398C}.Release|Any CPU.ActiveCfg = Release|Any CPU
		{982B2CD4-E405-4611-95C1-FE9E016C398C}.Release|Any CPU.Build.0 = Release|Any CPU
		{5FFC8C07-C5E1-4044-9E8C-2B8829E4DF95}.Debug|Any CPU.ActiveCfg = Debug|Any CPU
		{5FFC8C07-C5E1-4044-9E8C-2B8829E4DF95}.Debug|Any CPU.Build.0 = Debug|Any CPU
		{5FFC8C07-C5E1-4044-9E8C-2B8829E4DF95}.Release|Any CPU.ActiveCfg = Release|Any CPU
		{5FFC8C07-C5E1-4044-9E8C-2B8829E4DF95}.Release|Any CPU.Build.0 = Release|Any CPU
		{3230FEF6-3086-4846-9F87-B225FCEE38BF}.Debug|Any CPU.ActiveCfg = Debug|Any CPU
		{3230FEF6-3086-4846-9F87-B225FCEE38BF}.Debug|Any CPU.Build.0 = Debug|Any CPU
		{3230FEF6-3086-4846-9F87-B225FCEE38BF}.Release|Any CPU.ActiveCfg = Release|Any CPU
		{3230FEF6-3086-4846-9F87-B225FCEE38BF}.Release|Any CPU.Build.0 = Release|Any CPU
		{C7C75A40-CE0B-4581-B046-0109F93F5DC4}.Debug|Any CPU.ActiveCfg = Debug|Any CPU
		{C7C75A40-CE0B-4581-B046-0109F93F5DC4}.Debug|Any CPU.Build.0 = Debug|Any CPU
		{C7C75A40-CE0B-4581-B046-0109F93F5DC4}.Release|Any CPU.ActiveCfg = Release|Any CPU
		{C7C75A40-CE0B-4581-B046-0109F93F5DC4}.Release|Any CPU.Build.0 = Release|Any CPU
		{5A0062D4-56BE-4661-873C-11026E610B97}.Debug|Any CPU.ActiveCfg = Debug|Any CPU
		{5A0062D4-56BE-4661-873C-11026E610B97}.Debug|Any CPU.Build.0 = Debug|Any CPU
		{5A0062D4-56BE-4661-873C-11026E610B97}.Release|Any CPU.ActiveCfg = Release|Any CPU
		{5A0062D4-56BE-4661-873C-11026E610B97}.Release|Any CPU.Build.0 = Release|Any CPU
		{242B9494-0A0D-413B-A3F3-3095C8D1CA15}.Debug|Any CPU.ActiveCfg = Debug|Any CPU
		{242B9494-0A0D-413B-A3F3-3095C8D1CA15}.Debug|Any CPU.Build.0 = Debug|Any CPU
		{242B9494-0A0D-413B-A3F3-3095C8D1CA15}.Release|Any CPU.ActiveCfg = Release|Any CPU
		{242B9494-0A0D-413B-A3F3-3095C8D1CA15}.Release|Any CPU.Build.0 = Release|Any CPU
		{1512F800-CB7B-4BA5-98CC-C4E3A5067167}.Debug|Any CPU.ActiveCfg = Debug|Any CPU
		{1512F800-CB7B-4BA5-98CC-C4E3A5067167}.Debug|Any CPU.Build.0 = Debug|Any CPU
		{1512F800-CB7B-4BA5-98CC-C4E3A5067167}.Release|Any CPU.ActiveCfg = Release|Any CPU
		{1512F800-CB7B-4BA5-98CC-C4E3A5067167}.Release|Any CPU.Build.0 = Release|Any CPU
		{5FC87D5D-6314-40F8-B061-1D6B8427B2FB}.Debug|Any CPU.ActiveCfg = Debug|Any CPU
		{5FC87D5D-6314-40F8-B061-1D6B8427B2FB}.Debug|Any CPU.Build.0 = Debug|Any CPU
		{5FC87D5D-6314-40F8-B061-1D6B8427B2FB}.Release|Any CPU.ActiveCfg = Release|Any CPU
		{5FC87D5D-6314-40F8-B061-1D6B8427B2FB}.Release|Any CPU.Build.0 = Release|Any CPU
		{CB28D4DB-E7B8-44F8-85DE-1FC930503697}.Debug|Any CPU.ActiveCfg = Debug|Any CPU
		{CB28D4DB-E7B8-44F8-85DE-1FC930503697}.Debug|Any CPU.Build.0 = Debug|Any CPU
		{CB28D4DB-E7B8-44F8-85DE-1FC930503697}.Release|Any CPU.ActiveCfg = Release|Any CPU
		{CB28D4DB-E7B8-44F8-85DE-1FC930503697}.Release|Any CPU.Build.0 = Release|Any CPU
	EndGlobalSection
	GlobalSection(SolutionProperties) = preSolution
		HideSolutionNode = FALSE
	EndGlobalSection
	GlobalSection(ExtensibilityGlobals) = postSolution
		SolutionGuid = {EAD9B4E7-257E-4D77-B15B-8AA5015EDB53}
	EndGlobalSection
EndGlobal
